
Microsoft Visual Studio Solution File, Format Version 12.00
# Visual Studio Version 17
VisualStudioVersion = 17.2.32505.173
MinimumVisualStudioVersion = 10.0.40219.1
Project("{9A19103F-16F7-4668-BE54-9A1E7A4F7556}") = "BulkyBookWeb", "BulkyBookWeb\BulkyBookWeb.csproj", "{E189D786-E214-4AAE-9ECB-516E11AE2331}"
EndProject
Project("{FAE04EC0-301F-11D3-BF4B-00C04F79EFBC}") = "BulkyBook.DataAccess", "BulkyBook.DataAccess\BulkyBook.DataAccess.csproj", "{D876EF3B-AF57-4666-A689-A9772A6B2645}"
EndProject
Project("{FAE04EC0-301F-11D3-BF4B-00C04F79EFBC}") = "BulkyBook.Models", "BulkyBook.Models\BulkyBook.Models.csproj", "{98EA70E1-0CCF-4BF5-90DC-5420B72BBB07}"
EndProject
Project("{FAE04EC0-301F-11D3-BF4B-00C04F79EFBC}") = "BulkyBook.Utility", "BulkyBook.Utility\BulkyBook.Utility.csproj", "{DE61FD3B-B6F1-42DA-880E-117F636887B2}"
EndProject
Global
	GlobalSection(SolutionConfigurationPlatforms) = preSolution
		Debug|Any CPU = Debug|Any CPU
		Release|Any CPU = Release|Any CPU
	EndGlobalSection
	GlobalSection(ProjectConfigurationPlatforms) = postSolution
		{E189D786-E214-4AAE-9ECB-516E11AE2331}.Debug|Any CPU.ActiveCfg = Debug|Any CPU
		{E189D786-E214-4AAE-9ECB-516E11AE2331}.Debug|Any CPU.Build.0 = Debug|Any CPU
		{E189D786-E214-4AAE-9ECB-516E11AE2331}.Release|Any CPU.ActiveCfg = Release|Any CPU
		{E189D786-E214-4AAE-9ECB-516E11AE2331}.Release|Any CPU.Build.0 = Release|Any CPU
		{D876EF3B-AF57-4666-A689-A9772A6B2645}.Debug|Any CPU.ActiveCfg = Debug|Any CPU
		{D876EF3B-AF57-4666-A689-A9772A6B2645}.Debug|Any CPU.Build.0 = Debug|Any CPU
		{D876EF3B-AF57-4666-A689-A9772A6B2645}.Release|Any CPU.ActiveCfg = Release|Any CPU
		{D876EF3B-AF57-4666-A689-A9772A6B2645}.Release|Any CPU.Build.0 = Release|Any CPU
		{98EA70E1-0CCF-4BF5-90DC-5420B72BBB07}.Debug|Any CPU.ActiveCfg = Debug|Any CPU
		{98EA70E1-0CCF-4BF5-90DC-5420B72BBB07}.Debug|Any CPU.Build.0 = Debug|Any CPU
		{98EA70E1-0CCF-4BF5-90DC-5420B72BBB07}.Release|Any CPU.ActiveCfg = Release|Any CPU
		{98EA70E1-0CCF-4BF5-90DC-5420B72BBB07}.Release|Any CPU.Build.0 = Release|Any CPU
		{DE61FD3B-B6F1-42DA-880E-117F636887B2}.Debug|Any CPU.ActiveCfg = Debug|Any CPU
		{DE61FD3B-B6F1-42DA-880E-117F636887B2}.Debug|Any CPU.Build.0 = Debug|Any CPU
		{DE61FD3B-B6F1-42DA-880E-117F636887B2}.Release|Any CPU.ActiveCfg = Release|Any CPU
		{DE61FD3B-B6F1-42DA-880E-117F636887B2}.Release|Any CPU.Build.0 = Release|Any CPU
	EndGlobalSection
	GlobalSection(SolutionProperties) = preSolution
		HideSolutionNode = FALSE
	EndGlobalSection
	GlobalSection(ExtensibilityGlobals) = postSolution
		SolutionGuid = {83E17586-0EE5-4FC5-90BF-FA4E4943F876}
	EndGlobalSection
EndGlobal
